
Microsoft Visual Studio Solution File, Format Version 12.00
# Visual Studio 2017
Project("{FAE04EC0-301F-11D3-BF4B-00C04F79EFBC}") = "FrisbeeVR", "FrisbeeVR.csproj", "{EEAFFF1E-DE49-4969-1C97-EA84758BCB37}"
EndProject
Project("{FAE04EC0-301F-11D3-BF4B-00C04F79EFBC}") = "FrisbeeVR.Editor", "FrisbeeVR.Editor.csproj", "{3D03A9BD-79AC-069B-0FD0-E22FB6B510DA}"
EndProject
Global
	GlobalSection(SolutionConfigurationPlatforms) = preSolution
		Debug|Any CPU = Debug|Any CPU
		Release|Any CPU = Release|Any CPU
	EndGlobalSection
	GlobalSection(ProjectConfigurationPlatforms) = postSolution
		{EEAFFF1E-DE49-4969-1C97-EA84758BCB37}.Debug|Any CPU.ActiveCfg = Debug|Any CPU
		{EEAFFF1E-DE49-4969-1C97-EA84758BCB37}.Debug|Any CPU.Build.0 = Debug|Any CPU
		{EEAFFF1E-DE49-4969-1C97-EA84758BCB37}.Release|Any CPU.ActiveCfg = Release|Any CPU
		{EEAFFF1E-DE49-4969-1C97-EA84758BCB37}.Release|Any CPU.Build.0 = Release|Any CPU
		{3D03A9BD-79AC-069B-0FD0-E22FB6B510DA}.Debug|Any CPU.ActiveCfg = Debug|Any CPU
		{3D03A9BD-79AC-069B-0FD0-E22FB6B510DA}.Debug|Any CPU.Build.0 = Debug|Any CPU
		{3D03A9BD-79AC-069B-0FD0-E22FB6B510DA}.Release|Any CPU.ActiveCfg = Release|Any CPU
		{3D03A9BD-79AC-069B-0FD0-E22FB6B510DA}.Release|Any CPU.Build.0 = Release|Any CPU
	EndGlobalSection
	GlobalSection(SolutionProperties) = preSolution
		HideSolutionNode = FALSE
	EndGlobalSection
EndGlobal
